{
  "name": "products",
  "requires": true,
  "lockfileVersion": 1,
  "dependencies": {
    "@babel/runtime": {
      "version": "7.27.4",
      "resolved": "https://registry.npmjs.org/@babel/runtime/-/runtime-7.27.4.tgz",
      "integrity": "sha512-t3yaEOuGu9NlIZ+hIeGbBjFtZT7j2cb2tg0fuaJKeGotchRjjLfrBA9Kwf8quhpP1EUuxModQg04q/mBwyg8uA=="
    },
    "js-tokens": {
      "version": "4.0.0",
      "resolved": "https://registry.npmjs.org/js-tokens/-/js-tokens-4.0.0.tgz",
      "integrity": "sha512-RdJUflcE3cUzKiMqQgsCu06FPu9UdIJO0beYbPhHN4k6apgJtifcoCtT9bcxOpYBtpD2kCM6Sbzg4CausW/PKQ=="
    },
    "loose-envify": {
      "version": "1.4.0",
      "resolved": "https://registry.npmjs.org/loose-envify/-/loose-envify-1.4.0.tgz",
      "integrity": "sha512-lyuxPGr/Wfhrlem2CL/UcnUc1zcqKAImBDzukY7Y5F/yQiNdko6+fRLevlw1HgMySw7f611UIY408EtxRSoK3Q==",
      "requires": {
        "js-tokens": "^3.0.0 || ^4.0.0"
      }
    },
    "meteor-node-stubs": {
      "version": "1.2.19",
      "resolved": "https://registry.npmjs.org/meteor-node-stubs/-/meteor-node-stubs-1.2.19.tgz",
      "integrity": "sha512-lryhEAPp7aysrC0j3XU1yTs92ktPQQhzQzLVz3OGQEZjL//iLhvJyeYNSvV01XJn6fXUXe48agossxniJkzYOQ==",
      "requires": {
        "@meteorjs/crypto-browserify": "^3.12.1",
        "assert": "^2.1.0",
        "browserify-zlib": "^0.2.0",
        "buffer": "^5.7.1",
        "console-browserify": "^1.2.0",
        "constants-browserify": "^1.0.0",
        "domain-browser": "^4.23.0",
        "events": "^3.3.0",
        "https-browserify": "^1.0.0",
        "os-browserify": "^0.3.0",
        "path-browserify": "^1.0.1",
        "process": "^0.11.10",
        "punycode": "^1.4.1",
        "querystring-es3": "^0.2.1",
        "readable-stream": "^3.6.2",
        "stream-browserify": "^3.0.0",
        "stream-http": "^3.2.0",
        "string_decoder": "^1.3.0",
        "timers-browserify": "^2.0.12",
        "tty-browserify": "0.0.1",
        "url": "^0.11.4",
        "util": "^0.12.5",
        "vm-browserify": "^1.1.2"
      },
      "dependencies": {
        "@meteorjs/browserify-sign": {
          "version": "4.2.6",
          "requires": {
            "bn.js": "^5.2.1",
            "brorand": "^1.1.0",
            "browserify-rsa": "^4.1.0",
            "create-hash": "^1.2.0",
            "create-hmac": "^1.1.7",
            "hash-base": "~3.0",
            "hash.js": "^1.0.0",
            "hmac-drbg": "^1.0.1",
            "inherits": "^2.0.4",
            "minimalistic-assert": "^1.0.1",
            "minimalistic-crypto-utils": "^1.0.1",
            "parse-asn1": "^5.1.7",
            "readable-stream": "^2.3.8",
            "safe-buffer": "^5.2.1"
          },
          "dependencies": {
            "readable-stream": {
              "version": "2.3.8",
              "requires": {
                "core-util-is": "~1.0.0",
                "inherits": "~2.0.3",
                "isarray": "~1.0.0",
                "process-nextick-args": "~2.0.0",
                "safe-buffer": "~5.1.1",
                "string_decoder": "~1.1.1",
                "util-deprecate": "~1.0.1"
              },
              "dependencies": {
                "safe-buffer": {
                  "version": "5.1.2"
                }
              }
            },
            "string_decoder": {
              "version": "1.1.1",
              "requires": {
                "safe-buffer": "~5.1.0"
              },
              "dependencies": {
                "safe-buffer": {
                  "version": "5.1.2"
                }
              }
            }
          }
        },
        "@meteorjs/create-ecdh": {
          "version": "4.0.5",
          "requires": {
            "bn.js": "^4.11.9",
            "brorand": "^1.1.0",
            "hash.js": "^1.0.0",
            "hmac-drbg": "^1.0.1",
            "inherits": "^2.0.4",
            "minimalistic-assert": "^1.0.1",
            "minimalistic-crypto-utils": "^1.0.1"
          },
          "dependencies": {
            "bn.js": {
              "version": "4.12.2"
            }
          }
        },
        "@meteorjs/crypto-browserify": {
          "version": "3.12.4",
          "requires": {
            "@meteorjs/browserify-sign": "^4.2.3",
            "@meteorjs/create-ecdh": "^4.0.4",
            "browserify-cipher": "^1.0.1",
            "create-hash": "^1.2.0",
            "create-hmac": "^1.1.7",
            "diffie-hellman": "^5.0.3",
            "hash-base": "~3.0.4",
            "inherits": "^2.0.4",
            "pbkdf2": "^3.1.2",
            "public-encrypt": "^4.0.3",
            "randombytes": "^2.1.0",
            "randomfill": "^1.0.4"
          }
        },
        "asn1.js": {
          "version": "4.10.1",
          "requires": {
            "bn.js": "^4.0.0",
            "inherits": "^2.0.1",
            "minimalistic-assert": "^1.0.0"
          },
          "dependencies": {
            "bn.js": {
              "version": "4.12.2"
            }
          }
        },
        "assert": {
          "version": "2.1.0",
          "requires": {
            "call-bind": "^1.0.2",
            "is-nan": "^1.3.2",
            "object-is": "^1.1.5",
            "object.assign": "^4.1.4",
            "util": "^0.12.5"
          }
        },
        "available-typed-arrays": {
          "version": "1.0.7",
          "requires": {
            "possible-typed-array-names": "^1.0.0"
          }
        },
        "base64-js": {
          "version": "1.5.1"
        },
        "bn.js": {
          "version": "5.2.2"
        },
        "brorand": {
          "version": "1.1.0"
        },
        "browserify-aes": {
          "version": "1.2.0",
          "requires": {
            "buffer-xor": "^1.0.3",
            "cipher-base": "^1.0.0",
            "create-hash": "^1.1.0",
            "evp_bytestokey": "^1.0.3",
            "inherits": "^2.0.1",
            "safe-buffer": "^5.0.1"
          }
        },
        "browserify-cipher": {
          "version": "1.0.1",
          "requires": {
            "browserify-aes": "^1.0.4",
            "browserify-des": "^1.0.0",
            "evp_bytestokey": "^1.0.0"
          }
        },
        "browserify-des": {
          "version": "1.0.2",
          "requires": {
            "cipher-base": "^1.0.1",
            "des.js": "^1.0.0",
            "inherits": "^2.0.1",
            "safe-buffer": "^5.1.2"
          }
        },
        "browserify-rsa": {
          "version": "4.1.1",
          "requires": {
            "bn.js": "^5.2.1",
            "randombytes": "^2.1.0",
            "safe-buffer": "^5.2.1"
          }
        },
        "browserify-zlib": {
          "version": "0.2.0",
          "requires": {
            "pako": "~1.0.5"
          }
        },
        "buffer": {
          "version": "5.7.1",
          "requires": {
            "base64-js": "^1.3.1",
            "ieee754": "^1.1.13"
          }
        },
        "buffer-xor": {
          "version": "1.0.3"
        },
        "builtin-status-codes": {
          "version": "3.0.0"
        },
        "call-bind": {
          "version": "1.0.8",
          "requires": {
            "call-bind-apply-helpers": "^1.0.0",
            "es-define-property": "^1.0.0",
            "get-intrinsic": "^1.2.4",
            "set-function-length": "^1.2.2"
          }
        },
        "call-bind-apply-helpers": {
          "version": "1.0.2",
          "requires": {
            "es-errors": "^1.3.0",
            "function-bind": "^1.1.2"
          }
        },
        "call-bound": {
          "version": "1.0.4",
          "requires": {
            "call-bind-apply-helpers": "^1.0.2",
            "get-intrinsic": "^1.3.0"
          }
        },
        "cipher-base": {
          "version": "1.0.6",
          "requires": {
            "inherits": "^2.0.4",
            "safe-buffer": "^5.2.1"
          }
        },
        "console-browserify": {
          "version": "1.2.0"
        },
        "constants-browserify": {
          "version": "1.0.0"
        },
        "core-util-is": {
          "version": "1.0.3"
        },
        "create-hash": {
          "version": "1.2.0",
          "requires": {
            "cipher-base": "^1.0.1",
            "inherits": "^2.0.1",
            "md5.js": "^1.3.4",
            "ripemd160": "^2.0.1",
            "sha.js": "^2.4.0"
          }
        },
        "create-hmac": {
          "version": "1.1.7",
          "requires": {
            "cipher-base": "^1.0.3",
            "create-hash": "^1.1.0",
            "inherits": "^2.0.1",
            "ripemd160": "^2.0.0",
            "safe-buffer": "^5.0.1",
            "sha.js": "^2.4.8"
          }
        },
        "define-data-property": {
          "version": "1.1.4",
          "requires": {
            "es-define-property": "^1.0.0",
            "es-errors": "^1.3.0",
            "gopd": "^1.0.1"
          }
        },
        "define-properties": {
          "version": "1.2.1",
          "requires": {
            "define-data-property": "^1.0.1",
            "has-property-descriptors": "^1.0.0",
            "object-keys": "^1.1.1"
          }
        },
        "des.js": {
          "version": "1.1.0",
          "requires": {
            "inherits": "^2.0.1",
            "minimalistic-assert": "^1.0.0"
          }
        },
        "diffie-hellman": {
          "version": "5.0.3",
          "requires": {
            "bn.js": "^4.1.0",
            "miller-rabin": "^4.0.0",
            "randombytes": "^2.0.0"
          },
          "dependencies": {
            "bn.js": {
              "version": "4.12.2"
            }
          }
        },
        "domain-browser": {
          "version": "4.23.0"
        },
        "dunder-proto": {
          "version": "1.0.1",
          "requires": {
            "call-bind-apply-helpers": "^1.0.1",
            "es-errors": "^1.3.0",
            "gopd": "^1.2.0"
          }
        },
        "es-define-property": {
          "version": "1.0.1"
        },
        "es-errors": {
          "version": "1.3.0"
        },
        "es-object-atoms": {
          "version": "1.1.1",
          "requires": {
            "es-errors": "^1.3.0"
          }
        },
        "events": {
          "version": "3.3.0"
        },
        "evp_bytestokey": {
          "version": "1.0.3",
          "requires": {
            "md5.js": "^1.3.4",
            "safe-buffer": "^5.1.1"
          }
        },
        "for-each": {
          "version": "0.3.5",
          "requires": {
            "is-callable": "^1.2.7"
          }
        },
        "function-bind": {
          "version": "1.1.2"
        },
        "get-intrinsic": {
          "version": "1.3.0",
          "requires": {
            "call-bind-apply-helpers": "^1.0.2",
            "es-define-property": "^1.0.1",
            "es-errors": "^1.3.0",
            "es-object-atoms": "^1.1.1",
            "function-bind": "^1.1.2",
            "get-proto": "^1.0.1",
            "gopd": "^1.2.0",
            "has-symbols": "^1.1.0",
            "hasown": "^2.0.2",
            "math-intrinsics": "^1.1.0"
          }
        },
        "get-proto": {
          "version": "1.0.1",
          "requires": {
            "dunder-proto": "^1.0.1",
            "es-object-atoms": "^1.0.0"
          }
        },
        "gopd": {
          "version": "1.2.0"
        },
        "has-property-descriptors": {
          "version": "1.0.2",
          "requires": {
            "es-define-property": "^1.0.0"
          }
        },
        "has-symbols": {
          "version": "1.1.0"
        },
        "has-tostringtag": {
          "version": "1.0.2",
          "requires": {
            "has-symbols": "^1.0.3"
          }
        },
        "hash-base": {
          "version": "3.0.5",
          "requires": {
            "inherits": "^2.0.4",
            "safe-buffer": "^5.2.1"
          }
        },
        "hash.js": {
          "version": "1.1.7",
          "requires": {
            "inherits": "^2.0.3",
            "minimalistic-assert": "^1.0.1"
          }
        },
        "hasown": {
          "version": "2.0.2",
          "requires": {
            "function-bind": "^1.1.2"
          }
        },
        "hmac-drbg": {
          "version": "1.0.1",
          "requires": {
            "hash.js": "^1.0.3",
            "minimalistic-assert": "^1.0.0",
            "minimalistic-crypto-utils": "^1.0.1"
          }
        },
        "https-browserify": {
          "version": "1.0.0"
        },
        "ieee754": {
          "version": "1.2.1"
        },
        "inherits": {
          "version": "2.0.4"
        },
        "is-arguments": {
          "version": "1.2.0",
          "requires": {
            "call-bound": "^1.0.2",
            "has-tostringtag": "^1.0.2"
          }
        },
        "is-callable": {
          "version": "1.2.7"
        },
        "is-generator-function": {
          "version": "1.1.0",
          "requires": {
            "call-bound": "^1.0.3",
            "get-proto": "^1.0.0",
            "has-tostringtag": "^1.0.2",
            "safe-regex-test": "^1.1.0"
          }
        },
        "is-nan": {
          "version": "1.3.2",
          "requires": {
            "call-bind": "^1.0.0",
            "define-properties": "^1.1.3"
          }
        },
        "is-regex": {
          "version": "1.2.1",
          "requires": {
            "call-bound": "^1.0.2",
            "gopd": "^1.2.0",
            "has-tostringtag": "^1.0.2",
            "hasown": "^2.0.2"
          }
        },
        "is-typed-array": {
          "version": "1.1.15",
          "requires": {
            "which-typed-array": "^1.1.16"
          }
        },
        "isarray": {
          "version": "1.0.0"
        },
        "math-intrinsics": {
          "version": "1.1.0"
        },
        "md5.js": {
          "version": "1.3.5",
          "requires": {
            "hash-base": "^3.0.0",
            "inherits": "^2.0.1",
            "safe-buffer": "^5.1.2"
          }
        },
        "miller-rabin": {
          "version": "4.0.1",
          "requires": {
            "bn.js": "^4.0.0",
            "brorand": "^1.0.1"
          },
          "dependencies": {
            "bn.js": {
              "version": "4.12.2"
            }
          }
        },
        "minimalistic-assert": {
          "version": "1.0.1"
        },
        "minimalistic-crypto-utils": {
          "version": "1.0.1"
        },
        "object-inspect": {
          "version": "1.13.4"
        },
        "object-is": {
          "version": "1.1.6",
          "requires": {
            "call-bind": "^1.0.7",
            "define-properties": "^1.2.1"
          }
        },
        "object-keys": {
          "version": "1.1.1"
        },
        "object.assign": {
          "version": "4.1.7",
          "requires": {
            "call-bind": "^1.0.8",
            "call-bound": "^1.0.3",
            "define-properties": "^1.2.1",
            "es-object-atoms": "^1.0.0",
            "has-symbols": "^1.1.0",
            "object-keys": "^1.1.1"
          }
        },
        "os-browserify": {
          "version": "0.3.0"
        },
        "pako": {
          "version": "1.0.11"
        },
        "parse-asn1": {
          "version": "5.1.7",
          "requires": {
            "asn1.js": "^4.10.1",
            "browserify-aes": "^1.2.0",
            "evp_bytestokey": "^1.0.3",
            "hash-base": "~3.0",
            "pbkdf2": "^3.1.2",
            "safe-buffer": "^5.2.1"
          }
        },
        "path-browserify": {
          "version": "1.0.1"
        },
        "pbkdf2": {
          "version": "3.1.2",
          "requires": {
            "create-hash": "^1.1.2",
            "create-hmac": "^1.1.4",
            "ripemd160": "^2.0.1",
            "safe-buffer": "^5.0.1",
            "sha.js": "^2.4.8"
          }
        },
        "possible-typed-array-names": {
          "version": "1.1.0"
        },
        "process": {
          "version": "0.11.10"
        },
        "process-nextick-args": {
          "version": "2.0.1"
        },
        "public-encrypt": {
          "version": "4.0.3",
          "requires": {
            "bn.js": "^4.1.0",
            "browserify-rsa": "^4.0.0",
            "create-hash": "^1.1.0",
            "parse-asn1": "^5.0.0",
            "randombytes": "^2.0.1",
            "safe-buffer": "^5.1.2"
          },
          "dependencies": {
            "bn.js": {
              "version": "4.12.2"
            }
          }
        },
        "punycode": {
          "version": "1.4.1"
        },
        "qs": {
          "version": "6.14.0",
          "requires": {
            "side-channel": "^1.1.0"
          }
        },
        "querystring-es3": {
          "version": "0.2.1"
        },
        "randombytes": {
          "version": "2.1.0",
          "requires": {
            "safe-buffer": "^5.1.0"
          }
        },
        "randomfill": {
          "version": "1.0.4",
          "requires": {
            "randombytes": "^2.0.5",
            "safe-buffer": "^5.1.0"
          }
        },
        "readable-stream": {
          "version": "3.6.2",
          "requires": {
            "inherits": "^2.0.3",
            "string_decoder": "^1.1.1",
            "util-deprecate": "^1.0.1"
          }
        },
        "ripemd160": {
          "version": "2.0.2",
          "requires": {
            "hash-base": "^3.0.0",
            "inherits": "^2.0.1"
          }
        },
        "safe-buffer": {
          "version": "5.2.1"
        },
        "safe-regex-test": {
          "version": "1.1.0",
          "requires": {
            "call-bound": "^1.0.2",
            "es-errors": "^1.3.0",
            "is-regex": "^1.2.1"
          }
        },
        "set-function-length": {
          "version": "1.2.2",
          "requires": {
            "define-data-property": "^1.1.4",
            "es-errors": "^1.3.0",
            "function-bind": "^1.1.2",
            "get-intrinsic": "^1.2.4",
            "gopd": "^1.0.1",
            "has-property-descriptors": "^1.0.2"
          }
        },
        "setimmediate": {
          "version": "1.0.5"
        },
        "sha.js": {
          "version": "2.4.11",
          "requires": {
            "inherits": "^2.0.1",
            "safe-buffer": "^5.0.1"
          }
        },
        "side-channel": {
          "version": "1.1.0",
          "requires": {
            "es-errors": "^1.3.0",
            "object-inspect": "^1.13.3",
            "side-channel-list": "^1.0.0",
            "side-channel-map": "^1.0.1",
            "side-channel-weakmap": "^1.0.2"
          }
        },
        "side-channel-list": {
          "version": "1.0.0",
          "requires": {
            "es-errors": "^1.3.0",
            "object-inspect": "^1.13.3"
          }
        },
        "side-channel-map": {
          "version": "1.0.1",
          "requires": {
            "call-bound": "^1.0.2",
            "es-errors": "^1.3.0",
            "get-intrinsic": "^1.2.5",
            "object-inspect": "^1.13.3"
          }
        },
        "side-channel-weakmap": {
          "version": "1.0.2",
          "requires": {
            "call-bound": "^1.0.2",
            "es-errors": "^1.3.0",
            "get-intrinsic": "^1.2.5",
            "object-inspect": "^1.13.3",
            "side-channel-map": "^1.0.1"
          }
        },
        "stream-browserify": {
          "version": "3.0.0",
          "requires": {
            "inherits": "~2.0.4",
            "readable-stream": "^3.5.0"
          }
        },
        "stream-http": {
          "version": "3.2.0",
          "requires": {
            "builtin-status-codes": "^3.0.0",
            "inherits": "^2.0.4",
            "readable-stream": "^3.6.0",
            "xtend": "^4.0.2"
          }
        },
        "string_decoder": {
          "version": "1.3.0",
          "requires": {
            "safe-buffer": "~5.2.0"
          }
        },
        "timers-browserify": {
          "version": "2.0.12",
          "requires": {
            "setimmediate": "^1.0.4"
          }
        },
        "tty-browserify": {
          "version": "0.0.1"
        },
        "url": {
          "version": "0.11.4",
          "requires": {
            "punycode": "^1.4.1",
            "qs": "^6.12.3"
          }
        },
        "util": {
          "version": "0.12.5",
          "requires": {
            "inherits": "^2.0.3",
            "is-arguments": "^1.0.4",
            "is-generator-function": "^1.0.7",
            "is-typed-array": "^1.1.3",
            "which-typed-array": "^1.1.2"
          }
        },
        "util-deprecate": {
          "version": "1.0.2"
        },
        "vm-browserify": {
          "version": "1.1.2"
        },
        "which-typed-array": {
          "version": "1.1.19",
          "requires": {
            "available-typed-arrays": "^1.0.7",
            "call-bind": "^1.0.8",
            "call-bound": "^1.0.4",
            "for-each": "^0.3.5",
            "get-proto": "^1.0.1",
            "gopd": "^1.2.0",
            "has-tostringtag": "^1.0.2"
          }
        },
        "xtend": {
          "version": "4.0.2"
        }
      }
    },
    "object-assign": {
      "version": "4.1.1",
      "resolved": "https://registry.npmjs.org/object-assign/-/object-assign-4.1.1.tgz",
      "integrity": "sha512-rJgTQnkUnH1sFw8yT6VSU3zD3sWmu6sZhIseY8VX+GRu3P6F7Fu+JNDoXfklElbLJSnc3FUQHVe4cU5hj+BcUg=="
    },
    "react": {
      "version": "17.0.2",
      "resolved": "https://registry.npmjs.org/react/-/react-17.0.2.tgz",
      "integrity": "sha512-gnhPt75i/dq/z3/6q/0asP78D0u592D5L1pd7M8P+dck6Fu/jJeL6iVVK23fptSUZj8Vjf++7wXA8UNclGQcbA==",
      "requires": {
        "loose-envify": "^1.1.0",
        "object-assign": "^4.1.1"
      }
    },
    "react-dom": {
      "version": "17.0.2",
      "resolved": "https://registry.npmjs.org/react-dom/-/react-dom-17.0.2.tgz",
      "integrity": "sha512-s4h96KtLDUQlsENhMn1ar8t2bEa+q/YAtj8pPPdIjPDGBDIVNsrD9aXNWqspUe6AzKCIG0C1HZZLqLV7qpOBGA==",
      "requires": {
        "loose-envify": "^1.1.0",
        "object-assign": "^4.1.1",
        "scheduler": "^0.20.2"
      }
    },
    "scheduler": {
      "version": "0.20.2",
      "resolved": "https://registry.npmjs.org/scheduler/-/scheduler-0.20.2.tgz",
      "integrity": "sha512-2eWfGgAqqWFGqtdMmcL5zCMK1U8KlXv8SQFGglL3CEtd0aDVDWgeF/YoCmvln55m5zSk3J/20hTaSBeSObsQDQ==",
      "requires": {
        "loose-envify": "^1.1.0",
        "object-assign": "^4.1.1"
      }
    }
  }
}
